// !$*UTF8*$!
{
	archiveVersion = 1;
	classes = {
	};
	objectVersion = 55;
	objects = {

/* Begin PBXBuildFile section */
		3F23FCBE2A2FF7E20058EE98 /* AppDelegate.swift in Sources */ = {isa = PBXBuildFile; fileRef = 3F23FCBD2A2FF7E20058EE98 /* AppDelegate.swift */; };
		3F23FCC02A2FF7E20058EE98 /* SceneDelegate.swift in Sources */ = {isa = PBXBuildFile; fileRef = 3F23FCBF2A2FF7E20058EE98 /* SceneDelegate.swift */; };
		3F23FCC22A2FF7E20058EE98 /* ViewController.swift in Sources */ = {isa = PBXBuildFile; fileRef = 3F23FCC12A2FF7E20058EE98 /* ViewController.swift */; };
		3F23FCC52A2FF7E20058EE98 /* Main.storyboard in Resources */ = {isa = PBXBuildFile; fileRef = 3F23FCC32A2FF7E20058EE98 /* Main.storyboard */; };
		3F23FCC72A2FF7E40058EE98 /* Assets.xcassets in Resources */ = {isa = PBXBuildFile; fileRef = 3F23FCC62A2FF7E40058EE98 /* Assets.xcassets */; };
		3F23FCCA2A2FF7E40058EE98 /* LaunchScreen.storyboard in Resources */ = {isa = PBXBuildFile; fileRef = 3F23FCC82A2FF7E40058EE98 /* LaunchScreen.storyboard */; };
		3F23FCD52A2FF7E40058EE98 /* app_learnTests.swift in Sources */ = {isa = PBXBuildFile; fileRef = 3F23FCD42A2FF7E40058EE98 /* app_learnTests.swift */; };
		3F23FCDF2A2FF7E50058EE98 /* app_learnUITests.swift in Sources */ = {isa = PBXBuildFile; fileRef = 3F23FCDE2A2FF7E50058EE98 /* app_learnUITests.swift */; };
		3F23FCE12A2FF7E50058EE98 /* app_learnUITestsLaunchTests.swift in Sources */ = {isa = PBXBuildFile; fileRef = 3F23FCE02A2FF7E50058EE98 /* app_learnUITestsLaunchTests.swift */; };
/* End PBXBuildFile section */

/* Begin PBXContainerItemProxy section */
		3F23FCD12A2FF7E40058EE98 /* PBXContainerItemProxy */ = {
			isa = PBXContainerItemProxy;
			containerPortal = 3F23FCB22A2FF7E20058EE98 /* Project object */;
			proxyType = 1;
			remoteGlobalIDString = 3F23FCB92A2FF7E20058EE98;
			remoteInfo = "app-learn";
		};
		3F23FCDB2A2FF7E50058EE98 /* PBXContainerItemProxy */ = {
			isa = PBXContainerItemProxy;
			containerPortal = 3F23FCB22A2FF7E20058EE98 /* Project object */;
			proxyType = 1;
			remoteGlobalIDString = 3F23FCB92A2FF7E20058EE98;
			remoteInfo = "app-learn";
		};
/* End PBXContainerItemProxy section */

/* Begin PBXFileReference section */
		3F23FCBA2A2FF7E20058EE98 /* app-learn.app */ = {isa = PBXFileReference; explicitFileType = wrapper.application; includeInIndex = 0; path = "app-learn.app"; sourceTree = BUILT_PRODUCTS_DIR; };
		3F23FCBD2A2FF7E20058EE98 /* AppDelegate.swift */ = {isa = PBXFileReference; lastKnownFileType = sourcecode.swift; path = AppDelegate.swift; sourceTree = "<group>"; };
		3F23FCBF2A2FF7E20058EE98 /* SceneDelegate.swift */ = {isa = PBXFileReference; lastKnownFileType = sourcecode.swift; path = SceneDelegate.swift; sourceTree = "<group>"; };
		3F23FCC12A2FF7E20058EE98 /* ViewController.swift */ = {isa = PBXFileReference; lastKnownFileType = sourcecode.swift; path = ViewController.swift; sourceTree = "<group>"; };
		3F23FCC42A2FF7E20058EE98 /* Base */ = {isa = PBXFileReference; lastKnownFileType = file.storyboard; name = Base; path = Base.lproj/Main.storyboard; sourceTree = "<group>"; };
		3F23FCC62A2FF7E40058EE98 /* Assets.xcassets */ = {isa = PBXFileReference; lastKnownFileType = folder.assetcatalog; path = Assets.xcassets; sourceTree = "<group>"; };
		3F23FCC92A2FF7E40058EE98 /* Base */ = {isa = PBXFileReference; lastKnownFileType = file.storyboard; name = Base; path = Base.lproj/LaunchScreen.storyboard; sourceTree = "<group>"; };
		3F23FCCB2A2FF7E40058EE98 /* Info.plist */ = {isa = PBXFileReference; lastKnownFileType = text.plist.xml; path = Info.plist; sourceTree = "<group>"; };
		3F23FCD02A2FF7E40058EE98 /* app-learnTests.xctest */ = {isa = PBXFileReference; explicitFileType = wrapper.cfbundle; includeInIndex = 0; path = "app-learnTests.xctest"; sourceTree = BUILT_PRODUCTS_DIR; };
		3F23FCD42A2FF7E40058EE98 /* app_learnTests.swift */ = {isa = PBXFileReference; lastKnownFileType = sourcecode.swift; path = app_learnTests.swift; sourceTree = "<group>"; };
		3F23FCDA2A2FF7E50058EE98 /* app-learnUITests.xctest */ = {isa = PBXFileReference; explicitFileType = wrapper.cfbundle; includeInIndex = 0; path = "app-learnUITests.xctest"; sourceTree = BUILT_PRODUCTS_DIR; };
		3F23FCDE2A2FF7E50058EE98 /* app_learnUITests.swift */ = {isa = PBXFileReference; lastKnownFileType = sourcecode.swift; path = app_learnUITests.swift; sourceTree = "<group>"; };
		3F23FCE02A2FF7E50058EE98 /* app_learnUITestsLaunchTests.swift */ = {isa = PBXFileReference; lastKnownFileType = sourcecode.swift; path = app_learnUITestsLaunchTests.swift; sourceTree = "<group>"; };
/* End PBXFileReference section */

/* Begin PBXFrameworksBuildPhase section */
		3F23FCB72A2FF7E20058EE98 /* Frameworks */ = {
			isa = PBXFrameworksBuildPhase;
			buildActionMask = 2147483647;
			files = (
			);
			runOnlyForDeploymentPostprocessing = 0;
		};
		3F23FCCD2A2FF7E40058EE98 /* Frameworks */ = {
			isa = PBXFrameworksBuildPhase;
			buildActionMask = 2147483647;
			files = (
			);
			runOnlyForDeploymentPostprocessing = 0;
		};
		3F23FCD72A2FF7E50058EE98 /* Frameworks */ = {
			isa = PBXFrameworksBuildPhase;
			buildActionMask = 2147483647;
			files = (
			);
			runOnlyForDeploymentPostprocessing = 0;
		};
/* End PBXFrameworksBuildPhase section */

/* Begin PBXGroup section */
		3F23FCB12A2FF7E20058EE98 = {
			isa = PBXGroup;
			children = (
				3F23FCBC2A2FF7E20058EE98 /* app-learn */,
				3F23FCD32A2FF7E40058EE98 /* app-learnTests */,
				3F23FCDD2A2FF7E50058EE98 /* app-learnUITests */,
				3F23FCBB2A2FF7E20058EE98 /* Products */,
			);
			sourceTree = "<group>";
		};
		3F23FCBB2A2FF7E20058EE98 /* Products */ = {
			isa = PBXGroup;
			children = (
				3F23FCBA2A2FF7E20058EE98 /* app-learn.app */,
				3F23FCD02A2FF7E40058EE98 /* app-learnTests.xctest */,
				3F23FCDA2A2FF7E50058EE98 /* app-learnUITests.xctest */,
			);
			name = Products;
			sourceTree = "<group>";
		};
		3F23FCBC2A2FF7E20058EE98 /* app-learn */ = {
			isa = PBXGroup;
			children = (
				3F23FCBD2A2FF7E20058EE98 /* AppDelegate.swift */,
				3F23FCBF2A2FF7E20058EE98 /* SceneDelegate.swift */,
				3F23FCC12A2FF7E20058EE98 /* ViewController.swift */,
				3F23FCC32A2FF7E20058EE98 /* Main.storyboard */,
				3F23FCC62A2FF7E40058EE98 /* Assets.xcassets */,
				3F23FCC82A2FF7E40058EE98 /* LaunchScreen.storyboard */,
				3F23FCCB2A2FF7E40058EE98 /* Info.plist */,
			);
			path = "app-learn";
			sourceTree = "<group>";
		};
		3F23FCD32A2FF7E40058EE98 /* app-learnTests */ = {
			isa = PBXGroup;
			children = (
				3F23FCD42A2FF7E40058EE98 /* app_learnTests.swift */,
			);
			path = "app-learnTests";
			sourceTree = "<group>";
		};
		3F23FCDD2A2FF7E50058EE98 /* app-learnUITests */ = {
			isa = PBXGroup;
			children = (
				3F23FCDE2A2FF7E50058EE98 /* app_learnUITests.swift */,
				3F23FCE02A2FF7E50058EE98 /* app_learnUITestsLaunchTests.swift */,
			);
			path = "app-learnUITests";
			sourceTree = "<group>";
		};
/* End PBXGroup section */

/* Begin PBXNativeTarget section */
		3F23FCB92A2FF7E20058EE98 /* app-learn */ = {
			isa = PBXNativeTarget;
			buildConfigurationList = 3F23FCE42A2FF7E50058EE98 /* Build configuration list for PBXNativeTarget "app-learn" */;
			buildPhases = (
				3F23FCB62A2FF7E20058EE98 /* Sources */,
				3F23FCB72A2FF7E20058EE98 /* Frameworks */,
				3F23FCB82A2FF7E20058EE98 /* Resources */,
			);
			buildRules = (
			);
			dependencies = (
			);
			name = "app-learn";
			productName = "app-learn";
			productReference = 3F23FCBA2A2FF7E20058EE98 /* app-learn.app */;
			productType = "com.apple.product-type.application";
		};
		3F23FCCF2A2FF7E40058EE98 /* app-learnTests */ = {
			isa = PBXNativeTarget;
			buildConfigurationList = 3F23FCE72A2FF7E50058EE98 /* Build configuration list for PBXNativeTarget "app-learnTests" */;
			buildPhases = (
				3F23FCCC2A2FF7E40058EE98 /* Sources */,
				3F23FCCD2A2FF7E40058EE98 /* Frameworks */,
				3F23FCCE2A2FF7E40058EE98 /* Resources */,
			);
			buildRules = (
			);
			dependencies = (
				3F23FCD22A2FF7E40058EE98 /* PBXTargetDependency */,
			);
			name = "app-learnTests";
			productName = "app-learnTests";
			productReference = 3F23FCD02A2FF7E40058EE98 /* app-learnTests.xctest */;
			productType = "com.apple.product-type.bundle.unit-test";
		};
		3F23FCD92A2FF7E50058EE98 /* app-learnUITests */ = {
			isa = PBXNativeTarget;
			buildConfigurationList = 3F23FCEA2A2FF7E50058EE98 /* Build configuration list for PBXNativeTarget "app-learnUITests" */;
			buildPhases = (
				3F23FCD62A2FF7E50058EE98 /* Sources */,
				3F23FCD72A2FF7E50058EE98 /* Frameworks */,
				3F23FCD82A2FF7E50058EE98 /* Resources */,
			);
			buildRules = (
			);
			dependencies = (
				3F23FCDC2A2FF7E50058EE98 /* PBXTargetDependency */,
			);
			name = "app-learnUITests";
			productName = "app-learnUITests";
			productReference = 3F23FCDA2A2FF7E50058EE98 /* app-learnUITests.xctest */;
			productType = "com.apple.product-type.bundle.ui-testing";
		};
/* End PBXNativeTarget section */

/* Begin PBXProject section */
		3F23FCB22A2FF7E20058EE98 /* Project object */ = {
			isa = PBXProject;
			attributes = {
				BuildIndependentTargetsInParallel = 1;
				LastSwiftUpdateCheck = 1340;
				LastUpgradeCheck = 1340;
				TargetAttributes = {
					3F23FCB92A2FF7E20058EE98 = {
						CreatedOnToolsVersion = 13.4.1;
					};
					3F23FCCF2A2FF7E40058EE98 = {
						CreatedOnToolsVersion = 13.4.1;
						TestTargetID = 3F23FCB92A2FF7E20058EE98;
					};
					3F23FCD92A2FF7E50058EE98 = {
						CreatedOnToolsVersion = 13.4.1;
						TestTargetID = 3F23FCB92A2FF7E20058EE98;
					};
				};
			};
			buildConfigurationList = 3F23FCB52A2FF7E20058EE98 /* Build configuration list for PBXProject "app-learn" */;
			compatibilityVersion = "Xcode 13.0";
			developmentRegion = en;
			hasScannedForEncodings = 0;
			knownRegions = (
				en,
				Base,
			);
			mainGroup = 3F23FCB12A2FF7E20058EE98;
			productRefGroup = 3F23FCBB2A2FF7E20058EE98 /* Products */;
			projectDirPath = "";
			projectRoot = "";
			targets = (
				3F23FCB92A2FF7E20058EE98 /* app-learn */,
				3F23FCCF2A2FF7E40058EE98 /* app-learnTests */,
				3F23FCD92A2FF7E50058EE98 /* app-learnUITests */,
			);
		};
/* End PBXProject section */

/* Begin PBXResourcesBuildPhase section */
		3F23FCB82A2FF7E20058EE98 /* Resources */ = {
			isa = PBXResourcesBuildPhase;
			buildActionMask = 2147483647;
			files = (
				3F23FCCA2A2FF7E40058EE98 /* LaunchScreen.storyboard in Resources */,
				3F23FCC72A2FF7E40058EE98 /* Assets.xcassets in Resources */,
				3F23FCC52A2FF7E20058EE98 /* Main.storyboard in Resources */,
			);
			runOnlyForDeploymentPostprocessing = 0;
		};
		3F23FCCE2A2FF7E40058EE98 /* Resources */ = {
			isa = PBXResourcesBuildPhase;
			buildActionMask = 2147483647;
			files = (
			);
			runOnlyForDeploymentPostprocessing = 0;
		};
		3F23FCD82A2FF7E50058EE98 /* Resources */ = {
			isa = PBXResourcesBuildPhase;
			buildActionMask = 2147483647;
			files = (
			);
			runOnlyForDeploymentPostprocessing = 0;
		};
/* End PBXResourcesBuildPhase section */

/* Begin PBXSourcesBuildPhase section */
		3F23FCB62A2FF7E20058EE98 /* Sources */ = {
			isa = PBXSourcesBuildPhase;
			buildActionMask = 2147483647;
			files = (
				3F23FCC22A2FF7E20058EE98 /* ViewController.swift in Sources */,
				3F23FCBE2A2FF7E20058EE98 /* AppDelegate.swift in Sources */,
				3F23FCC02A2FF7E20058EE98 /* SceneDelegate.swift in Sources */,
			);
			runOnlyForDeploymentPostprocessing = 0;
		};
		3F23FCCC2A2FF7E40058EE98 /* Sources */ = {
			isa = PBXSourcesBuildPhase;
			buildActionMask = 2147483647;
			files = (
				3F23FCD52A2FF7E40058EE98 /* app_learnTests.swift in Sources */,
			);
			runOnlyForDeploymentPostprocessing = 0;
		};
		3F23FCD62A2FF7E50058EE98 /* Sources */ = {
			isa = PBXSourcesBuildPhase;
			buildActionMask = 2147483647;
			files = (
				3F23FCDF2A2FF7E50058EE98 /* app_learnUITests.swift in Sources */,
				3F23FCE12A2FF7E50058EE98 /* app_learnUITestsLaunchTests.swift in Sources */,
			);
			runOnlyForDeploymentPostprocessing = 0;
		};
/* End PBXSourcesBuildPhase section */

/* Begin PBXTargetDependency section */
		3F23FCD22A2FF7E40058EE98 /* PBXTargetDependency */ = {
			isa = PBXTargetDependency;
			target = 3F23FCB92A2FF7E20058EE98 /* app-learn */;
			targetProxy = 3F23FCD12A2FF7E40058EE98 /* PBXContainerItemProxy */;
		};
		3F23FCDC2A2FF7E50058EE98 /* PBXTargetDependency */ = {
			isa = PBXTargetDependency;
			target = 3F23FCB92A2FF7E20058EE98 /* app-learn */;
			targetProxy = 3F23FCDB2A2FF7E50058EE98 /* PBXContainerItemProxy */;
		};
/* End PBXTargetDependency section */

/* Begin PBXVariantGroup section */
		3F23FCC32A2FF7E20058EE98 /* Main.storyboard */ = {
			isa = PBXVariantGroup;
			children = (
				3F23FCC42A2FF7E20058EE98 /* Base */,
			);
			name = Main.storyboard;
			sourceTree = "<group>";
		};
		3F23FCC82A2FF7E40058EE98 /* LaunchScreen.storyboard */ = {
			isa = PBXVariantGroup;
			children = (
				3F23FCC92A2FF7E40058EE98 /* Base */,
			);
			name = LaunchScreen.storyboard;
			sourceTree = "<group>";
		};
/* End PBXVariantGroup section */

/* Begin XCBuildConfiguration section */
		3F23FCE22A2FF7E50058EE98 /* Debug */ = {
			isa = XCBuildConfiguration;
			buildSettings = {
				ALWAYS_SEARCH_USER_PATHS = NO;
				CLANG_ANALYZER_NONNULL = YES;
				CLANG_ANALYZER_NUMBER_OBJECT_CONVERSION = YES_AGGRESSIVE;
				CLANG_CXX_LANGUAGE_STANDARD = "gnu++17";
				CLANG_ENABLE_MODULES = YES;
				CLANG_ENABLE_OBJC_ARC = YES;
				CLANG_ENABLE_OBJC_WEAK = YES;
				CLANG_WARN_BLOCK_CAPTURE_AUTORELEASING = YES;
				CLANG_WARN_BOOL_CONVERSION = YES;
				CLANG_WARN_COMMA = YES;
				CLANG_WARN_CONSTANT_CONVERSION = YES;
				CLANG_WARN_DEPRECATED_OBJC_IMPLEMENTATIONS = YES;
				CLANG_WARN_DIRECT_OBJC_ISA_USAGE = YES_ERROR;
				CLANG_WARN_DOCUMENTATION_COMMENTS = YES;
				CLANG_WARN_EMPTY_BODY = YES;
				CLANG_WARN_ENUM_CONVERSION = YES;
				CLANG_WARN_INFINITE_RECURSION = YES;
				CLANG_WARN_INT_CONVERSION = YES;
				CLANG_WARN_NON_LITERAL_NULL_CONVERSION = YES;
				CLANG_WARN_OBJC_IMPLICIT_RETAIN_SELF = YES;
				CLANG_WARN_OBJC_LITERAL_CONVERSION = YES;
				CLANG_WARN_OBJC_ROOT_CLASS = YES_ERROR;
				CLANG_WARN_QUOTED_INCLUDE_IN_FRAMEWORK_HEADER = YES;
				CLANG_WARN_RANGE_LOOP_ANALYSIS = YES;
				CLANG_WARN_STRICT_PROTOTYPES = YES;
				CLANG_WARN_SUSPICIOUS_MOVE = YES;
				CLANG_WARN_UNGUARDED_AVAILABILITY = YES_AGGRESSIVE;
				CLANG_WARN_UNREACHABLE_CODE = YES;
				CLANG_WARN__DUPLICATE_METHOD_MATCH = YES;
				COPY_PHASE_STRIP = NO;
				DEBUG_INFORMATION_FORMAT = dwarf;
				ENABLE_STRICT_OBJC_MSGSEND = YES;
				ENABLE_TESTABILITY = YES;
				GCC_C_LANGUAGE_STANDARD = gnu11;
				GCC_DYNAMIC_NO_PIC = NO;
				GCC_NO_COMMON_BLOCKS = YES;
				GCC_OPTIMIZATION_LEVEL = 0;
				GCC_PREPROCESSOR_DEFINITIONS = (
					"DEBUG=1",
					"$(inherited)",
				);
				GCC_WARN_64_TO_32_BIT_CONVERSION = YES;
				GCC_WARN_ABOUT_RETURN_TYPE = YES_ERROR;
				GCC_WARN_UNDECLARED_SELECTOR = YES;
				GCC_WARN_UNINITIALIZED_AUTOS = YES_AGGRESSIVE;
				GCC_WARN_UNUSED_FUNCTION = YES;
				GCC_WARN_UNUSED_VARIABLE = YES;
				IPHONEOS_DEPLOYMENT_TARGET = 15.5;
				MTL_ENABLE_DEBUG_INFO = INCLUDE_SOURCE;
				MTL_FAST_MATH = YES;
				ONLY_ACTIVE_ARCH = YES;
				SDKROOT = iphoneos;
				SWIFT_ACTIVE_COMPILATION_CONDITIONS = DEBUG;
				SWIFT_OPTIMIZATION_LEVEL = "-Onone";
			};
			name = Debug;
		};
		3F23FCE32A2FF7E50058EE98 /* Release */ = {
			isa = XCBuildConfiguration;
			buildSettings = {
				ALWAYS_SEARCH_USER_PATHS = NO;
				CLANG_ANALYZER_NONNULL = YES;
				CLANG_ANALYZER_NUMBER_OBJECT_CONVERSION = YES_AGGRESSIVE;
				CLANG_CXX_LANGUAGE_STANDARD = "gnu++17";
				CLANG_ENABLE_MODULES = YES;
				CLANG_ENABLE_OBJC_ARC = YES;
				CLANG_ENABLE_OBJC_WEAK = YES;
				CLANG_WARN_BLOCK_CAPTURE_AUTORELEASING = YES;
				CLANG_WARN_BOOL_CONVERSION = YES;
				CLANG_WARN_COMMA = YES;
				CLANG_WARN_CONSTANT_CONVERSION = YES;
				CLANG_WARN_DEPRECATED_OBJC_IMPLEMENTATIONS = YES;
				CLANG_WARN_DIRECT_OBJC_ISA_USAGE = YES_ERROR;
				CLANG_WARN_DOCUMENTATION_COMMENTS = YES;
				CLANG_WARN_EMPTY_BODY = YES;
				CLANG_WARN_ENUM_CONVERSION = YES;
				CLANG_WARN_INFINITE_RECURSION = YES;
				CLANG_WARN_INT_CONVERSION = YES;
				CLANG_WARN_NON_LITERAL_NULL_CONVERSION = YES;
				CLANG_WARN_OBJC_IMPLICIT_RETAIN_SELF = YES;
				CLANG_WARN_OBJC_LITERAL_CONVERSION = YES;
				CLANG_WARN_OBJC_ROOT_CLASS = YES_ERROR;
				CLANG_WARN_QUOTED_INCLUDE_IN_FRAMEWORK_HEADER = YES;
				CLANG_WARN_RANGE_LOOP_ANALYSIS = YES;
				CLANG_WARN_STRICT_PROTOTYPES = YES;
				CLANG_WARN_SUSPICIOUS_MOVE = YES;
				CLANG_WARN_UNGUARDED_AVAILABILITY = YES_AGGRESSIVE;
				CLANG_WARN_UNREACHABLE_CODE = YES;
				CLANG_WARN__DUPLICATE_METHOD_MATCH = YES;
				COPY_PHASE_STRIP = NO;
				DEBUG_INFORMATION_FORMAT = "dwarf-with-dsym";
				ENABLE_NS_ASSERTIONS = NO;
				ENABLE_STRICT_OBJC_MSGSEND = YES;
				GCC_C_LANGUAGE_STANDARD = gnu11;
				GCC_NO_COMMON_BLOCKS = YES;
				GCC_WARN_64_TO_32_BIT_CONVERSION = YES;
				GCC_WARN_ABOUT_RETURN_TYPE = YES_ERROR;
				GCC_WARN_UNDECLARED_SELECTOR = YES;
				GCC_WARN_UNINITIALIZED_AUTOS = YES_AGGRESSIVE;
				GCC_WARN_UNUSED_FUNCTION = YES;
				GCC_WARN_UNUSED_VARIABLE = YES;
				IPHONEOS_DEPLOYMENT_TARGET = 15.5;
				MTL_ENABLE_DEBUG_INFO = NO;
				MTL_FAST_MATH = YES;
				SDKROOT = iphoneos;
				SWIFT_COMPILATION_MODE = wholemodule;
				SWIFT_OPTIMIZATION_LEVEL = "-O";
				VALIDATE_PRODUCT = YES;
			};
			name = Release;
		};
		3F23FCE52A2FF7E50058EE98 /* Debug */ = {
			isa = XCBuildConfiguration;
			buildSettings = {
				ASSETCATALOG_COMPILER_APPICON_NAME = AppIcon;
				ASSETCATALOG_COMPILER_GLOBAL_ACCENT_COLOR_NAME = AccentColor;
				CODE_SIGN_STYLE = Automatic;
				CURRENT_PROJECT_VERSION = 1;
				DEVELOPMENT_TEAM = X6BCZG26RH;
				GENERATE_INFOPLIST_FILE = YES;
				INFOPLIST_FILE = "app-learn/Info.plist";
				INFOPLIST_KEY_UIApplicationSupportsIndirectInputEvents = YES;
				INFOPLIST_KEY_UILaunchStoryboardName = LaunchScreen;
				INFOPLIST_KEY_UIMainStoryboardFile = Main;
				INFOPLIST_KEY_UISupportedInterfaceOrientations_iPad = "UIInterfaceOrientationPortrait UIInterfaceOrientationPortraitUpsideDown UIInterfaceOrientationLandscapeLeft UIInterfaceOrientationLandscapeRight";
				INFOPLIST_KEY_UISupportedInterfaceOrientations_iPhone = "UIInterfaceOrientationPortrait UIInterfaceOrientationLandscapeLeft UIInterfaceOrientationLandscapeRight";
				LD_RUNPATH_SEARCH_PATHS = (
					"$(inherited)",
					"@executable_path/Frameworks",
				);
				MARKETING_VERSION = 1.0;
				PRODUCT_BUNDLE_IDENTIFIER = "com.magnodevht.app-learn";
				PRODUCT_NAME = "$(TARGET_NAME)";
				SWIFT_EMIT_LOC_STRINGS = YES;
				SWIFT_VERSION = 5.0;
				TARGETED_DEVICE_FAMILY = "1,2";
			};
			name = Debug;
		};
		3F23FCE62A2FF7E50058EE98 /* Release */ = {
			isa = XCBuildConfiguration;
			buildSettings = {
				ASSETCATALOG_COMPILER_APPICON_NAME = AppIcon;
				ASSETCATALOG_COMPILER_GLOBAL_ACCENT_COLOR_NAME = AccentColor;
				CODE_SIGN_STYLE = Automatic;
				CURRENT_PROJECT_VERSION = 1;
				DEVELOPMENT_TEAM = X6BCZG26RH;
				GENERATE_INFOPLIST_FILE = YES;
				INFOPLIST_FILE = "app-learn/Info.plist";
				INFOPLIST_KEY_UIApplicationSupportsIndirectInputEvents = YES;
				INFOPLIST_KEY_UILaunchStoryboardName = LaunchScreen;
				INFOPLIST_KEY_UIMainStoryboardFile = Main;
				INFOPLIST_KEY_UISupportedInterfaceOrientations_iPad = "UIInterfaceOrientationPortrait UIInterfaceOrientationPortraitUpsideDown UIInterfaceOrientationLandscapeLeft UIInterfaceOrientationLandscapeRight";
				INFOPLIST_KEY_UISupportedInterfaceOrientations_iPhone = "UIInterfaceOrientationPortrait UIInterfaceOrientationLandscapeLeft UIInterfaceOrientationLandscapeRight";
				LD_RUNPATH_SEARCH_PATHS = (
					"$(inherited)",
					"@executable_path/Frameworks",
				);
				MARKETING_VERSION = 1.0;
				PRODUCT_BUNDLE_IDENTIFIER = "com.magnodevht.app-learn";
				PRODUCT_NAME = "$(TARGET_NAME)";
				SWIFT_EMIT_LOC_STRINGS = YES;
				SWIFT_VERSION = 5.0;
				TARGETED_DEVICE_FAMILY = "1,2";
			};
			name = Release;
		};
		3F23FCE82A2FF7E50058EE98 /* Debug */ = {
			isa = XCBuildConfiguration;
			buildSettings = {
				ALWAYS_EMBED_SWIFT_STANDARD_LIBRARIES = YES;
				BUNDLE_LOADER = "$(TEST_HOST)";
				CODE_SIGN_STYLE = Automatic;
				CURRENT_PROJECT_VERSION = 1;
				DEVELOPMENT_TEAM = X6BCZG26RH;
				GENERATE_INFOPLIST_FILE = YES;
				IPHONEOS_DEPLOYMENT_TARGET = 15.5;
				MARKETING_VERSION = 1.0;
				PRODUCT_BUNDLE_IDENTIFIER = "com.magnodevht.app-learnTests";
				PRODUCT_NAME = "$(TARGET_NAME)";
				SWIFT_EMIT_LOC_STRINGS = NO;
				SWIFT_VERSION = 5.0;
				TARGETED_DEVICE_FAMILY = "1,2";
				TEST_HOST = "$(BUILT_PRODUCTS_DIR)/app-learn.app/app-learn";
			};
			name = Debug;
		};
		3F23FCE92A2FF7E50058EE98 /* Release */ = {
			isa = XCBuildConfiguration;
			buildSettings = {
				ALWAYS_EMBED_SWIFT_STANDARD_LIBRARIES = YES;
				BUNDLE_LOADER = "$(TEST_HOST)";
				CODE_SIGN_STYLE = Automatic;
				CURRENT_PROJECT_VERSION = 1;
				DEVELOPMENT_TEAM = X6BCZG26RH;
				GENERATE_INFOPLIST_FILE = YES;
				IPHONEOS_DEPLOYMENT_TARGET = 15.5;
				MARKETING_VERSION = 1.0;
				PRODUCT_BUNDLE_IDENTIFIER = "com.magnodevht.app-learnTests";
				PRODUCT_NAME = "$(TARGET_NAME)";
				SWIFT_EMIT_LOC_STRINGS = NO;
				SWIFT_VERSION = 5.0;
				TARGETED_DEVICE_FAMILY = "1,2";
				TEST_HOST = "$(BUILT_PRODUCTS_DIR)/app-learn.app/app-learn";
			};
			name = Release;
		};
		3F23FCEB2A2FF7E50058EE98 /* Debug */ = {
			isa = XCBuildConfiguration;
			buildSettings = {
				ALWAYS_EMBED_SWIFT_STANDARD_LIBRARIES = YES;
				CODE_SIGN_STYLE = Automatic;
				CURRENT_PROJECT_VERSION = 1;
				DEVELOPMENT_TEAM = X6BCZG26RH;
				GENERATE_INFOPLIST_FILE = YES;
				MARKETING_VERSION = 1.0;
				PRODUCT_BUNDLE_IDENTIFIER = "com.magnodevht.app-learnUITests";
				PRODUCT_NAME = "$(TARGET_NAME)";
				SWIFT_EMIT_LOC_STRINGS = NO;
				SWIFT_VERSION = 5.0;
				TARGETED_DEVICE_FAMILY = "1,2";
				TEST_TARGET_NAME = "app-learn";
			};
			name = Debug;
		};
		3F23FCEC2A2FF7E50058EE98 /* Release */ = {
			isa = XCBuildConfiguration;
			buildSettings = {
				ALWAYS_EMBED_SWIFT_STANDARD_LIBRARIES = YES;
				CODE_SIGN_STYLE = Automatic;
				CURRENT_PROJECT_VERSION = 1;
				DEVELOPMENT_TEAM = X6BCZG26RH;
				GENERATE_INFOPLIST_FILE = YES;
				MARKETING_VERSION = 1.0;
				PRODUCT_BUNDLE_IDENTIFIER = "com.magnodevht.app-learnUITests";
				PRODUCT_NAME = "$(TARGET_NAME)";
				SWIFT_EMIT_LOC_STRINGS = NO;
				SWIFT_VERSION = 5.0;
				TARGETED_DEVICE_FAMILY = "1,2";
				TEST_TARGET_NAME = "app-learn";
			};
			name = Release;
		};
/* End XCBuildConfiguration section */

/* Begin XCConfigurationList section */
		3F23FCB52A2FF7E20058EE98 /* Build configuration list for PBXProject "app-learn" */ = {
			isa = XCConfigurationList;
			buildConfigurations = (
				3F23FCE22A2FF7E50058EE98 /* Debug */,
				3F23FCE32A2FF7E50058EE98 /* Release */,
			);
			defaultConfigurationIsVisible = 0;
			defaultConfigurationName = Release;
		};
		3F23FCE42A2FF7E50058EE98 /* Build configuration list for PBXNativeTarget "app-learn" */ = {
			isa = XCConfigurationList;
			buildConfigurations = (
				3F23FCE52A2FF7E50058EE98 /* Debug */,
				3F23FCE62A2FF7E50058EE98 /* Release */,
			);
			defaultConfigurationIsVisible = 0;
			defaultConfigurationName = Release;
		};
		3F23FCE72A2FF7E50058EE98 /* Build configuration list for PBXNativeTarget "app-learnTests" */ = {
			isa = XCConfigurationList;
			buildConfigurations = (
				3F23FCE82A2FF7E50058EE98 /* Debug */,
				3F23FCE92A2FF7E50058EE98 /* Release */,
			);
			defaultConfigurationIsVisible = 0;
			defaultConfigurationName = Release;
		};
		3F23FCEA2A2FF7E50058EE98 /* Build configuration list for PBXNativeTarget "app-learnUITests" */ = {
			isa = XCConfigurationList;
			buildConfigurations = (
				3F23FCEB2A2FF7E50058EE98 /* Debug */,
				3F23FCEC2A2FF7E50058EE98 /* Release */,
			);
			defaultConfigurationIsVisible = 0;
			defaultConfigurationName = Release;
		};
/* End XCConfigurationList section */
	};
	rootObject = 3F23FCB22A2FF7E20058EE98 /* Project object */;
}
